
Microsoft Visual Studio Solution File, Format Version 12.00
# Visual Studio Version 17
VisualStudioVersion = 17.5.33414.496
MinimumVisualStudioVersion = 10.0.40219.1
Project("{FAE04EC0-301F-11D3-BF4B-00C04F79EFBC}") = "ProgrammingTest", "ProgrammingTest\ProgrammingTest.csproj", "{2B1B0E05-6E67-43F4-A494-7865BDAF782A}"
EndProject
Project("{FAE04EC0-301F-11D3-BF4B-00C04F79EFBC}") = "ArdonaghProjectTests", "ArdonaghProjectTests\ArdonaghProjectTests.csproj", "{9436511C-5920-471A-94DB-EB5BA6B19E0E}"
EndProject
Global
	GlobalSection(SolutionConfigurationPlatforms) = preSolution
		Debug|Any CPU = Debug|Any CPU
		Release|Any CPU = Release|Any CPU
	EndGlobalSection
	GlobalSection(ProjectConfigurationPlatforms) = postSolution
		{2B1B0E05-6E67-43F4-A494-7865BDAF782A}.Debug|Any CPU.ActiveCfg = Debug|Any CPU
		{2B1B0E05-6E67-43F4-A494-7865BDAF782A}.Debug|Any CPU.Build.0 = Debug|Any CPU
		{2B1B0E05-6E67-43F4-A494-7865BDAF782A}.Release|Any CPU.ActiveCfg = Release|Any CPU
		{2B1B0E05-6E67-43F4-A494-7865BDAF782A}.Release|Any CPU.Build.0 = Release|Any CPU
		{9436511C-5920-471A-94DB-EB5BA6B19E0E}.Debug|Any CPU.ActiveCfg = Debug|Any CPU
		{9436511C-5920-471A-94DB-EB5BA6B19E0E}.Debug|Any CPU.Build.0 = Debug|Any CPU
		{9436511C-5920-471A-94DB-EB5BA6B19E0E}.Release|Any CPU.ActiveCfg = Release|Any CPU
		{9436511C-5920-471A-94DB-EB5BA6B19E0E}.Release|Any CPU.Build.0 = Release|Any CPU
	EndGlobalSection
	GlobalSection(SolutionProperties) = preSolution
		HideSolutionNode = FALSE
	EndGlobalSection
	GlobalSection(ExtensibilityGlobals) = postSolution
		SolutionGuid = {14A2C4EF-8B9E-4A95-B5C0-2E5A203C929F}
	EndGlobalSection
EndGlobal
